PODS:
  - Efficio (0.2.0)
  - OrbitaFramework (0.2.0):
    - Efficio (~> 0.2.0)

DEPENDENCIES:
  - Efficio (from `https://github.com/jakecasino/Efficio`, branch `master`)
  - OrbitaFramework (from `../`)

EXTERNAL SOURCES:
  Efficio:
    :branch: master
    :git: https://github.com/jakecasino/Efficio
  OrbitaFramework:
    :path: "../"

CHECKOUT OPTIONS:
  Efficio:
    :commit: a91390d7d67c8e84310adf8f0b14559273393ea8
    :git: https://github.com/jakecasino/Efficio

SPEC CHECKSUMS:
  Efficio: 4e337d2af5872d6e0085eae28941cfef253abe9f
  OrbitaFramework: de7561a4c85eebebfefb3e35dc3e44e7aa5cdd3e

PODFILE CHECKSUM: 798a0c903a1052137d17c4525acca1254abe64e4

COCOAPODS: 1.5.3
